<?xml version="1.0" encoding="utf-8"?>
<Project ToolsVersion="4.0" xmlns="http://schemas.microsoft.com/developer/msbuild/2003">
  <ItemGroup>
    <Filter Include="Source Files">
      <UniqueIdentifier>{4FC737F1-C7A5-4376-A066-2A32D752A2FF}</UniqueIdentifier>
      <Extensions>cpp;c;cc;cxx;def;odl;idl;hpj;bat;asm;asmx</Extensions>
    </Filter>
    <Filter Include="Header Files">
      <UniqueIdentifier>{93995380-89BD-4b04-88EB-625FBE52EBFB}</UniqueIdentifier>
      <Extensions>h;hh;hpp;hxx;hm;inl;inc;xsd</Extensions>
    </Filter>
    <Filter Include="Resource Files">
      <UniqueIdentifier>{67DA6AB6-F800-4c08-8B7A-83BB121AAD01}</UniqueIdentifier>
      <Extensions>rc;ico;cur;bmp;dlg;rc2;rct;bin;rgs;gif;jpg;jpeg;jpe;resx;tiff;tif;png;wav;mfcribbon-ms</Extensions>
    </Filter>
    <Filter Include="Source Files\Task 1">
      <UniqueIdentifier>{aeeca406-020e-4f40-87ff-3af2a1b2945b}</UniqueIdentifier>
    </Filter>
    <Filter Include="Source Files\Global">
      <UniqueIdentifier>{256afbf6-90cf-4846-9262-701e5a7581a1}</UniqueIdentifier>
    </Filter>
    <Filter Include="Source Files\Task 2">
      <UniqueIdentifier>{28e3a528-48fa-4488-b955-720b79db3f9b}</UniqueIdentifier>
    </Filter>
    <Filter Include="Source Files\Task 6">
      <UniqueIdentifier>{2bf68134-a2e6-460e-b8b8-a8c969adf6ef}</UniqueIdentifier>
    </Filter>
    <Filter Include="Source Files\Task 7">
      <UniqueIdentifier>{3a899edc-4001-48b5-b1a5-5acf31ad79b7}</UniqueIdentifier>
    </Filter>
    <Filter Include="Source Files\Task 5">
      <UniqueIdentifier>{ebfdad4a-991e-45ec-8c8c-03852679ffab}</UniqueIdentifier>
    </Filter>
    <Filter Include="Source Files\Task 8">
      <UniqueIdentifier>{54cac20c-2335-47de-9e7a-6a1b9d561907}</UniqueIdentifier>
    </Filter>
  </ItemGroup>
  <ItemGroup>
    <ClCompile Include="main.cpp">
      <Filter>Source Files\Global</Filter>
    </ClCompile>
    <ClCompile Include="Task1\Task1.cpp">
      <Filter>Source Files\Task 1</Filter>
    </ClCompile>
    <ClCompile Include="Task2\Task2.cpp">
      <Filter>Source Files\Task 2</Filter>
    </ClCompile>
    <ClCompile Include="Task6\Task6.cpp">
      <Filter>Source Files\Task 6</Filter>
    </ClCompile>
    <ClCompile Include="Task7\Task7.cpp">
      <Filter>Source Files\Task 7</Filter>
    </ClCompile>
    <ClCompile Include="Task5\Task5.cpp">
      <Filter>Source Files\Task 5</Filter>
    </ClCompile>
    <ClCompile Include="Task8\Task8.cpp">
      <Filter>Source Files\Task 8</Filter>
    </ClCompile>
  </ItemGroup>
  <ItemGroup>
    <ClInclude Include="Task1\Task1.h">
      <Filter>Source Files\Task 1</Filter>
    </ClInclude>
    <ClInclude Include="Task2\Task2.h">
      <Filter>Source Files\Task 2</Filter>
    </ClInclude>
    <ClInclude Include="Task6\Task6.h">
      <Filter>Source Files\Task 6</Filter>
    </ClInclude>
    <ClInclude Include="Definitions.h">
      <Filter>Source Files\Global</Filter>
    </ClInclude>
    <ClInclude Include="Task7\Task7.h">
      <Filter>Source Files\Task 7</Filter>
    </ClInclude>
    <ClInclude Include="Task5\Task5.h">
      <Filter>Source Files\Task 5</Filter>
    </ClInclude>
    <ClInclude Include="Task8\Task8.h">
      <Filter>Source Files\Task 8</Filter>
    </ClInclude>
  </ItemGroup>
</Project>